
Microsoft Visual Studio Solution File, Format Version 12.00
# Visual Studio Version 17
VisualStudioVersion = 17.14.36414.22 d17.14
MinimumVisualStudioVersion = 10.0.40219.1
Project("{2150E333-8FDC-42A3-9474-1A3956D46DE8}") = "Task0", "Task0", "{02EA681E-C7D8-13C7-8484-4AC65E1B71E8}"
EndProject
Project("{2150E333-8FDC-42A3-9474-1A3956D46DE8}") = "Task1", "Task1", "{7DA2CAFA-DDA8-4639-A09D-AB617E52F778}"
EndProject
Project("{2150E333-8FDC-42A3-9474-1A3956D46DE8}") = "Task2", "Task2", "{1E03722E-16CE-45A7-B443-5D28C7092B0E}"
EndProject
Project("{2150E333-8FDC-42A3-9474-1A3956D46DE8}") = "Task3", "Task3", "{2CD5C3CC-4BA8-44E7-AD16-CF929921CC58}"
EndProject
Project("{2150E333-8FDC-42A3-9474-1A3956D46DE8}") = "Task4", "Task4", "{35D67B41-4E43-4391-ADB6-33E77AF8B4AF}"
EndProject
Project("{2150E333-8FDC-42A3-9474-1A3956D46DE8}") = "Task5", "Task5", "{9CCA6BCF-8940-4364-B4F4-D4C37F1B9C17}"
EndProject
Project("{2150E333-8FDC-42A3-9474-1A3956D46DE8}") = "Task6", "Task6", "{056AC745-5D08-4775-8318-E681E23B1F71}"
EndProject
Project("{2150E333-8FDC-42A3-9474-1A3956D46DE8}") = "Task7", "Task7", "{4A3E8AD7-E86E-47FB-BA9A-221D2DAC23E0}"
EndProject
Project("{FAE04EC0-301F-11D3-BF4B-00C04F79EFBC}") = "Tyuiu.FisherMA.Sprint1.Task0.V28", "Tyuiu.FisherMA.Sprint1.Task0.V28\Tyuiu.FisherMA.Sprint1.Task0.V28.csproj", "{D72B1F99-2F8E-4669-9424-55446C10677B}"
EndProject
Project("{FAE04EC0-301F-11D3-BF4B-00C04F79EFBC}") = "Tyuiu.FisherMA.Sprint1.Task0.V28.Lib", "Tyuiu.FisherMA.Sprint1.Task0.V28.Lib\Tyuiu.FisherMA.Sprint1.Task0.V28.Lib.csproj", "{3A18719A-CE80-4EE7-90C1-51CD40295049}"
EndProject
Project("{FAE04EC0-301F-11D3-BF4B-00C04F79EFBC}") = "Tyuiu.FisherMA.Sprint1.Task0.V28.Test", "Tyuiu.FisherMA.Sprint1.Task0.V28.Test\Tyuiu.FisherMA.Sprint1.Task0.V28.Test.csproj", "{48809B3C-B8B6-4912-A764-B6DB416CA57C}"
EndProject
Project("{FAE04EC0-301F-11D3-BF4B-00C04F79EFBC}") = "Tyuiu.FisherMA.Sprint1.Task1.V2", "Tyuiu.FisherMA.Sprint1.Task1.V2\Tyuiu.FisherMA.Sprint1.Task1.V2.csproj", "{E05E9CE0-8ED0-415E-A956-DAB0C6B2FC6C}"
EndProject
Project("{FAE04EC0-301F-11D3-BF4B-00C04F79EFBC}") = "Tyuiu.FisherMA.Sprint1.Task1.V2.Test", "Tyuiu.FisherMA.Sprint1.Task1.V2.Test\Tyuiu.FisherMA.Sprint1.Task1.V2.Test.csproj", "{39DC44D4-342F-4940-82C6-59F9F30C06FF}"
EndProject
Project("{FAE04EC0-301F-11D3-BF4B-00C04F79EFBC}") = "Tyuiu.FisherMA.Sprint1.Task1.V2.Lib", "Tyuiu.FisherMA.Sprint1.Task1.V2.Lib\Tyuiu.FisherMA.Sprint1.Task1.V2.Lib.csproj", "{457E22A2-9B5E-47B1-B678-F9BE0E0A3FA8}"
EndProject
Project("{FAE04EC0-301F-11D3-BF4B-00C04F79EFBC}") = "Tyuiu.FisherMA.Sprint1.Task2.V28", "Tyuiu.FisherMA.Sprint1.Task2.V28\Tyuiu.FisherMA.Sprint1.Task2.V28.csproj", "{F03D25C5-36F1-4154-84DA-43BADF2EC961}"
EndProject
Project("{FAE04EC0-301F-11D3-BF4B-00C04F79EFBC}") = "Tyuiu.FisherMA.Sprint1.Task2.V28.Lib", "Tyuiu.FisherMA.Sprint1.Task2.V28.Lib\Tyuiu.FisherMA.Sprint1.Task2.V28.Lib.csproj", "{661459D4-A4EF-4397-9ED0-2C33C30FD710}"
EndProject
Project("{FAE04EC0-301F-11D3-BF4B-00C04F79EFBC}") = "Tyuiu.FisherMA.Sprint1.Task2.V28.Test", "Tyuiu.FisherMA.Sprint1.Task2.V28.Test\Tyuiu.FisherMA.Sprint1.Task2.V28.Test.csproj", "{F1BED9EC-4363-4B2E-8E4B-258665B9FC76}"
EndProject
Project("{FAE04EC0-301F-11D3-BF4B-00C04F79EFBC}") = "Tyuiu.FisherMA.Sprint1.Task3.V10", "Tyuiu.FisherMA.Sprint1.Task3.V10\Tyuiu.FisherMA.Sprint1.Task3.V10.csproj", "{D23CA9B7-36D1-4E88-BC8B-8D96723914C1}"
EndProject
Project("{FAE04EC0-301F-11D3-BF4B-00C04F79EFBC}") = "Tyuiu.FisherMA.Sprint1.Task3.V10.Test", "Tyuiu.FisherMA.Sprint1.Task3.V10.Test\Tyuiu.FisherMA.Sprint1.Task3.V10.Test.csproj", "{5194152C-B96E-4E54-B37B-673D25EA6CC8}"
EndProject
Project("{FAE04EC0-301F-11D3-BF4B-00C04F79EFBC}") = "Tyuiu.FisherMA.Sprint1.Task3.V10.Lib", "Tyuiu.FisherMA.Sprint1.Task3.V10.Lib\Tyuiu.FisherMA.Sprint1.Task3.V10.Lib.csproj", "{CF5AA678-9C90-466C-A2DB-9497ACCAF117}"
EndProject
Project("{FAE04EC0-301F-11D3-BF4B-00C04F79EFBC}") = "Tyuiu.FisherMA.Sprint1.Task4.V6", "Tyuiu.FisherMA.Sprint1.Task4.V6\Tyuiu.FisherMA.Sprint1.Task4.V6.csproj", "{0239B3F4-303D-46A8-B775-F3899AD08EFD}"
EndProject
Project("{FAE04EC0-301F-11D3-BF4B-00C04F79EFBC}") = "Tyuiu.FisherMA.Sprint1.Task4.V6.Lib", "Tyuiu.FisherMA.Sprint1.Task4.V6.Lib\Tyuiu.FisherMA.Sprint1.Task4.V6.Lib.csproj", "{30BA5F77-3A8E-4F14-B1AA-CD211530EA87}"
EndProject
Project("{FAE04EC0-301F-11D3-BF4B-00C04F79EFBC}") = "Tyuiu.FisherMA.Sprint1.Task4.V6.Test", "Tyuiu.FisherMA.Sprint1.Task4.V6.Test\Tyuiu.FisherMA.Sprint1.Task4.V6.Test.csproj", "{567D8AFA-FADF-45FE-9F0B-61C917CCFCEA}"
EndProject
Global
	GlobalSection(SolutionConfigurationPlatforms) = preSolution
		Debug|Any CPU = Debug|Any CPU
		Release|Any CPU = Release|Any CPU
	EndGlobalSection
	GlobalSection(ProjectConfigurationPlatforms) = postSolution
		{D72B1F99-2F8E-4669-9424-55446C10677B}.Debug|Any CPU.ActiveCfg = Debug|Any CPU
		{D72B1F99-2F8E-4669-9424-55446C10677B}.Debug|Any CPU.Build.0 = Debug|Any CPU
		{D72B1F99-2F8E-4669-9424-55446C10677B}.Release|Any CPU.ActiveCfg = Release|Any CPU
		{D72B1F99-2F8E-4669-9424-55446C10677B}.Release|Any CPU.Build.0 = Release|Any CPU
		{3A18719A-CE80-4EE7-90C1-51CD40295049}.Debug|Any CPU.ActiveCfg = Debug|Any CPU
		{3A18719A-CE80-4EE7-90C1-51CD40295049}.Debug|Any CPU.Build.0 = Debug|Any CPU
		{3A18719A-CE80-4EE7-90C1-51CD40295049}.Release|Any CPU.ActiveCfg = Release|Any CPU
		{3A18719A-CE80-4EE7-90C1-51CD40295049}.Release|Any CPU.Build.0 = Release|Any CPU
		{48809B3C-B8B6-4912-A764-B6DB416CA57C}.Debug|Any CPU.ActiveCfg = Debug|Any CPU
		{48809B3C-B8B6-4912-A764-B6DB416CA57C}.Debug|Any CPU.Build.0 = Debug|Any CPU
		{48809B3C-B8B6-4912-A764-B6DB416CA57C}.Release|Any CPU.ActiveCfg = Release|Any CPU
		{48809B3C-B8B6-4912-A764-B6DB416CA57C}.Release|Any CPU.Build.0 = Release|Any CPU
		{E05E9CE0-8ED0-415E-A956-DAB0C6B2FC6C}.Debug|Any CPU.ActiveCfg = Debug|Any CPU
		{E05E9CE0-8ED0-415E-A956-DAB0C6B2FC6C}.Debug|Any CPU.Build.0 = Debug|Any CPU
		{E05E9CE0-8ED0-415E-A956-DAB0C6B2FC6C}.Release|Any CPU.ActiveCfg = Release|Any CPU
		{E05E9CE0-8ED0-415E-A956-DAB0C6B2FC6C}.Release|Any CPU.Build.0 = Release|Any CPU
		{39DC44D4-342F-4940-82C6-59F9F30C06FF}.Debug|Any CPU.ActiveCfg = Debug|Any CPU
		{39DC44D4-342F-4940-82C6-59F9F30C06FF}.Debug|Any CPU.Build.0 = Debug|Any CPU
		{39DC44D4-342F-4940-82C6-59F9F30C06FF}.Release|Any CPU.ActiveCfg = Release|Any CPU
		{39DC44D4-342F-4940-82C6-59F9F30C06FF}.Release|Any CPU.Build.0 = Release|Any CPU
		{457E22A2-9B5E-47B1-B678-F9BE0E0A3FA8}.Debug|Any CPU.ActiveCfg = Debug|Any CPU
		{457E22A2-9B5E-47B1-B678-F9BE0E0A3FA8}.Debug|Any CPU.Build.0 = Debug|Any CPU
		{457E22A2-9B5E-47B1-B678-F9BE0E0A3FA8}.Release|Any CPU.ActiveCfg = Release|Any CPU
		{457E22A2-9B5E-47B1-B678-F9BE0E0A3FA8}.Release|Any CPU.Build.0 = Release|Any CPU
		{F03D25C5-36F1-4154-84DA-43BADF2EC961}.Debug|Any CPU.ActiveCfg = Debug|Any CPU
		{F03D25C5-36F1-4154-84DA-43BADF2EC961}.Debug|Any CPU.Build.0 = Debug|Any CPU
		{F03D25C5-36F1-4154-84DA-43BADF2EC961}.Release|Any CPU.ActiveCfg = Release|Any CPU
		{F03D25C5-36F1-4154-84DA-43BADF2EC961}.Release|Any CPU.Build.0 = Release|Any CPU
		{661459D4-A4EF-4397-9ED0-2C33C30FD710}.Debug|Any CPU.ActiveCfg = Debug|Any CPU
		{661459D4-A4EF-4397-9ED0-2C33C30FD710}.Debug|Any CPU.Build.0 = Debug|Any CPU
		{661459D4-A4EF-4397-9ED0-2C33C30FD710}.Release|Any CPU.ActiveCfg = Release|Any CPU
		{661459D4-A4EF-4397-9ED0-2C33C30FD710}.Release|Any CPU.Build.0 = Release|Any CPU
		{F1BED9EC-4363-4B2E-8E4B-258665B9FC76}.Debug|Any CPU.ActiveCfg = Debug|Any CPU
		{F1BED9EC-4363-4B2E-8E4B-258665B9FC76}.Debug|Any CPU.Build.0 = Debug|Any CPU
		{F1BED9EC-4363-4B2E-8E4B-258665B9FC76}.Release|Any CPU.ActiveCfg = Release|Any CPU
		{F1BED9EC-4363-4B2E-8E4B-258665B9FC76}.Release|Any CPU.Build.0 = Release|Any CPU
		{D23CA9B7-36D1-4E88-BC8B-8D96723914C1}.Debug|Any CPU.ActiveCfg = Debug|Any CPU
		{D23CA9B7-36D1-4E88-BC8B-8D96723914C1}.Debug|Any CPU.Build.0 = Debug|Any CPU
		{D23CA9B7-36D1-4E88-BC8B-8D96723914C1}.Release|Any CPU.ActiveCfg = Release|Any CPU
		{D23CA9B7-36D1-4E88-BC8B-8D96723914C1}.Release|Any CPU.Build.0 = Release|Any CPU
		{5194152C-B96E-4E54-B37B-673D25EA6CC8}.Debug|Any CPU.ActiveCfg = Debug|Any CPU
		{5194152C-B96E-4E54-B37B-673D25EA6CC8}.Debug|Any CPU.Build.0 = Debug|Any CPU
		{5194152C-B96E-4E54-B37B-673D25EA6CC8}.Release|Any CPU.ActiveCfg = Release|Any CPU
		{5194152C-B96E-4E54-B37B-673D25EA6CC8}.Release|Any CPU.Build.0 = Release|Any CPU
		{CF5AA678-9C90-466C-A2DB-9497ACCAF117}.Debug|Any CPU.ActiveCfg = Debug|Any CPU
		{CF5AA678-9C90-466C-A2DB-9497ACCAF117}.Debug|Any CPU.Build.0 = Debug|Any CPU
		{CF5AA678-9C90-466C-A2DB-9497ACCAF117}.Release|Any CPU.ActiveCfg = Release|Any CPU
		{CF5AA678-9C90-466C-A2DB-9497ACCAF117}.Release|Any CPU.Build.0 = Release|Any CPU
		{0239B3F4-303D-46A8-B775-F3899AD08EFD}.Debug|Any CPU.ActiveCfg = Debug|Any CPU
		{0239B3F4-303D-46A8-B775-F3899AD08EFD}.Debug|Any CPU.Build.0 = Debug|Any CPU
		{0239B3F4-303D-46A8-B775-F3899AD08EFD}.Release|Any CPU.ActiveCfg = Release|Any CPU
		{0239B3F4-303D-46A8-B775-F3899AD08EFD}.Release|Any CPU.Build.0 = Release|Any CPU
		{30BA5F77-3A8E-4F14-B1AA-CD211530EA87}.Debug|Any CPU.ActiveCfg = Debug|Any CPU
		{30BA5F77-3A8E-4F14-B1AA-CD211530EA87}.Debug|Any CPU.Build.0 = Debug|Any CPU
		{30BA5F77-3A8E-4F14-B1AA-CD211530EA87}.Release|Any CPU.ActiveCfg = Release|Any CPU
		{30BA5F77-3A8E-4F14-B1AA-CD211530EA87}.Release|Any CPU.Build.0 = Release|Any CPU
		{567D8AFA-FADF-45FE-9F0B-61C917CCFCEA}.Debug|Any CPU.ActiveCfg = Debug|Any CPU
		{567D8AFA-FADF-45FE-9F0B-61C917CCFCEA}.Debug|Any CPU.Build.0 = Debug|Any CPU
		{567D8AFA-FADF-45FE-9F0B-61C917CCFCEA}.Release|Any CPU.ActiveCfg = Release|Any CPU
		{567D8AFA-FADF-45FE-9F0B-61C917CCFCEA}.Release|Any CPU.Build.0 = Release|Any CPU
	EndGlobalSection
	GlobalSection(SolutionProperties) = preSolution
		HideSolutionNode = FALSE
	EndGlobalSection
	GlobalSection(NestedProjects) = preSolution
		{D72B1F99-2F8E-4669-9424-55446C10677B} = {02EA681E-C7D8-13C7-8484-4AC65E1B71E8}
		{3A18719A-CE80-4EE7-90C1-51CD40295049} = {02EA681E-C7D8-13C7-8484-4AC65E1B71E8}
		{48809B3C-B8B6-4912-A764-B6DB416CA57C} = {02EA681E-C7D8-13C7-8484-4AC65E1B71E8}
		{E05E9CE0-8ED0-415E-A956-DAB0C6B2FC6C} = {7DA2CAFA-DDA8-4639-A09D-AB617E52F778}
		{39DC44D4-342F-4940-82C6-59F9F30C06FF} = {7DA2CAFA-DDA8-4639-A09D-AB617E52F778}
		{457E22A2-9B5E-47B1-B678-F9BE0E0A3FA8} = {7DA2CAFA-DDA8-4639-A09D-AB617E52F778}
		{F03D25C5-36F1-4154-84DA-43BADF2EC961} = {1E03722E-16CE-45A7-B443-5D28C7092B0E}
		{661459D4-A4EF-4397-9ED0-2C33C30FD710} = {1E03722E-16CE-45A7-B443-5D28C7092B0E}
		{F1BED9EC-4363-4B2E-8E4B-258665B9FC76} = {1E03722E-16CE-45A7-B443-5D28C7092B0E}
		{D23CA9B7-36D1-4E88-BC8B-8D96723914C1} = {2CD5C3CC-4BA8-44E7-AD16-CF929921CC58}
		{5194152C-B96E-4E54-B37B-673D25EA6CC8} = {2CD5C3CC-4BA8-44E7-AD16-CF929921CC58}
		{CF5AA678-9C90-466C-A2DB-9497ACCAF117} = {2CD5C3CC-4BA8-44E7-AD16-CF929921CC58}
		{0239B3F4-303D-46A8-B775-F3899AD08EFD} = {35D67B41-4E43-4391-ADB6-33E77AF8B4AF}
		{30BA5F77-3A8E-4F14-B1AA-CD211530EA87} = {35D67B41-4E43-4391-ADB6-33E77AF8B4AF}
		{567D8AFA-FADF-45FE-9F0B-61C917CCFCEA} = {35D67B41-4E43-4391-ADB6-33E77AF8B4AF}
	EndGlobalSection
	GlobalSection(ExtensibilityGlobals) = postSolution
		SolutionGuid = {B9E31070-276B-42A2-8829-32A862A96F2F}
	EndGlobalSection
EndGlobal
